Microsoft Visual Studio Solution File, Format Version 12.00
# Visual Studio Version 17
VisualStudioVersion = 17.5.2.0
MinimumVisualStudioVersion = 10.0.40219.1
Project("{FAE04EC0-301F-11D3-BF4B-00C04F79EFBC}") = "SimpleBookWebApi", "SimpleBookWebApi.csproj", "{773A3838-8E31-9A88-06BD-BC418F737497}"
EndProject
Global
	GlobalSection(SolutionConfigurationPlatforms) = preSolution
		Debug|Any CPU = Debug|Any CPU
		Release|Any CPU = Release|Any CPU
	EndGlobalSection
	GlobalSection(ProjectConfigurationPlatforms) = postSolution
		{773A3838-8E31-9A88-06BD-BC418F737497}.Debug|Any CPU.ActiveCfg = Debug|Any CPU
		{773A3838-8E31-9A88-06BD-BC418F737497}.Debug|Any CPU.Build.0 = Debug|Any CPU
		{773A3838-8E31-9A88-06BD-BC418F737497}.Release|Any CPU.ActiveCfg = Release|Any CPU
		{773A3838-8E31-9A88-06BD-BC418F737497}.Release|Any CPU.Build.0 = Release|Any CPU
	EndGlobalSection
	GlobalSection(SolutionProperties) = preSolution
		HideSolutionNode = FALSE
	EndGlobalSection
	GlobalSection(ExtensibilityGlobals) = postSolution
		SolutionGuid = {F006A107-6621-46AC-BE4D-996937CC34E1}
	EndGlobalSection
EndGlobal
